{
  "version": 4,
  "terraform_version": "0.13.4",
  "serial": 1,
  "lineage": "a18c1a38-3e3f-891d-6935-831785ae176c",
  "outputs": {},
  "resources": [
    {
      "mode": "managed",
      "type": "random_id",
      "name": "instance_id",
      "provider": "provider[\"registry.terraform.io/hashicorp/random\"]",
      "instances": [
        {
          "schema_version": 0,
          "attributes": {
            "b64": "ipEoZXAlzD0",
            "b64_std": "ipEoZXAlzD0=",
            "b64_url": "ipEoZXAlzD0",
            "byte_length": 8,
            "dec": "9984806264995433533",
            "hex": "8a9128657025cc3d",
            "id": "ipEoZXAlzD0",
            "keepers": null,
            "prefix": null
          },
          "private": "bnVsbA=="
        }
      ]
    }
  ]
}
