{
  "version": 4,
  "terraform_version": "0.13.4",
  "serial": 8,
  "lineage": "a18c1a38-3e3f-891d-6935-831785ae176c",
  "outputs": {
    "ip": {
      "value": "35.247.93.82",
      "type": "string"
    }
  },
  "resources": [
    {
      "mode": "managed",
      "type": "google_compute_firewall",
      "name": "default",
      "provider": "provider[\"registry.terraform.io/hashicorp/google\"]",
      "instances": [
        {
          "schema_version": 1,
          "attributes": {
            "allow": [
              {
                "ports": [
                  "5000"
                ],
                "protocol": "tcp"
              }
            ],
            "creation_timestamp": "2020-10-01T20:42:31.900-07:00",
            "deny": [],
            "description": "",
            "destination_ranges": [],
            "direction": "INGRESS",
            "disabled": false,
            "enable_logging": null,
            "id": "projects/flash-app-291223/global/firewalls/flask-app-firewall",
            "log_config": [],
            "name": "flask-app-firewall",
            "network": "https://www.googleapis.com/compute/v1/projects/flash-app-291223/global/networks/default",
            "priority": 1000,
            "project": "flash-app-291223",
            "self_link": "https://www.googleapis.com/compute/v1/projects/flash-app-291223/global/firewalls/flask-app-firewall",
            "source_ranges": [
              "0.0.0.0/0"
            ],
            "source_service_accounts": null,
            "source_tags": null,
            "target_service_accounts": null,
            "target_tags": null,
            "timeouts": null
          },
          "private": "eyJlMmJmYjczMC1lY2FhLTExZTYtOGY4OC0zNDM2M2JjN2M0YzAiOnsiY3JlYXRlIjoyNDAwMDAwMDAwMDAsImRlbGV0ZSI6MjQwMDAwMDAwMDAwLCJ1cGRhdGUiOjI0MDAwMDAwMDAwMH0sInNjaGVtYV92ZXJzaW9uIjoiMSJ9"
        }
      ]
    },
    {
      "mode": "managed",
      "type": "google_compute_instance",
      "name": "default",
      "provider": "provider[\"registry.terraform.io/hashicorp/google\"]",
      "instances": [
        {
          "schema_version": 6,
          "attributes": {
            "allow_stopping_for_update": null,
            "attached_disk": [],
            "boot_disk": [
              {
                "auto_delete": true,
                "device_name": "persistent-disk-0",
                "disk_encryption_key_raw": "",
                "disk_encryption_key_sha256": "",
                "initialize_params": [
                  {
                    "image": "https://www.googleapis.com/compute/v1/projects/debian-cloud/global/images/debian-9-stretch-v20200910",
                    "labels": {},
                    "size": 10,
                    "type": "pd-standard"
                  }
                ],
                "kms_key_self_link": "",
                "mode": "READ_WRITE",
                "source": "https://www.googleapis.com/compute/v1/projects/flash-app-291223/zones/us-west1-a/disks/flask-vm-8a9128657025cc3d"
              }
            ],
            "can_ip_forward": false,
            "cpu_platform": "Intel Broadwell",
            "current_status": "RUNNING",
            "deletion_protection": false,
            "description": "",
            "desired_status": null,
            "enable_display": false,
            "guest_accelerator": [],
            "hostname": "",
            "id": "projects/flash-app-291223/zones/us-west1-a/instances/flask-vm-8a9128657025cc3d",
            "instance_id": "1879994371179006181",
            "label_fingerprint": "42WmSpB8rSM=",
            "labels": {},
            "machine_type": "f1-micro",
            "metadata": {
              "ssh-keys": "INSERT_USERNAME:ssh-rsa AAAAB3NzaC1yc2EAAAADAQABAAABAQDNtbMq/S0La5lnbZxHrPp6bzoLMcR52HoBXDLjHc3ceQ8JfItZthwXmF/U1NQWDOHTZe1JD2E6008uMsWAvcSgiPow3T17tbIDv464909qH5X/ls56DcZi8r4E2pKLdol1+Df4TAw6rbSEyUtSoNY6GVleGMyJOCzSZZ10cSzzRYqnrNcZZH16wNCtJo/xk3CxDL6OFvdflGvrx0qOlxmS8BNyDhfpz9oS35ctNBS0vB1GARcM9o24vYm2MXAvjsiNVb8C7N/C/7jmzBHoKD90zaCNo1qvd2ET/V1TvQklPqss4RLKUQfpBPFopw2zgSOJr35rFtEGVsKsQoJGF545 dulla@DESKTOP-FPJII4M\n"
            },
            "metadata_fingerprint": "Li_Nj8U6h-M=",
            "metadata_startup_script": "sudo apt-get update; sudo apt-get install -yq build-essential python-pip rsync; pip install flask",
            "min_cpu_platform": "",
            "name": "flask-vm-8a9128657025cc3d",
            "network_interface": [
              {
                "access_config": [
                  {
                    "nat_ip": "35.247.93.82",
                    "network_tier": "PREMIUM",
                    "public_ptr_domain_name": ""
                  }
                ],
                "alias_ip_range": [],
                "name": "nic0",
                "network": "https://www.googleapis.com/compute/v1/projects/flash-app-291223/global/networks/default",
                "network_ip": "10.138.0.2",
                "subnetwork": "https://www.googleapis.com/compute/v1/projects/flash-app-291223/regions/us-west1/subnetworks/default",
                "subnetwork_project": "flash-app-291223"
              }
            ],
            "project": "flash-app-291223",
            "resource_policies": [],
            "scheduling": [
              {
                "automatic_restart": true,
                "node_affinities": [],
                "on_host_maintenance": "MIGRATE",
                "preemptible": false
              }
            ],
            "scratch_disk": [],
            "self_link": "https://www.googleapis.com/compute/v1/projects/flash-app-291223/zones/us-west1-a/instances/flask-vm-8a9128657025cc3d",
            "service_account": [],
            "shielded_instance_config": [],
            "tags": [],
            "tags_fingerprint": "42WmSpB8rSM=",
            "timeouts": null,
            "zone": "us-west1-a"
          },
          "private": "eyJlMmJmYjczMC1lY2FhLTExZTYtOGY4OC0zNDM2M2JjN2M0YzAiOnsiY3JlYXRlIjoxMjAwMDAwMDAwMDAwLCJkZWxldGUiOjEyMDAwMDAwMDAwMDAsInVwZGF0ZSI6MTIwMDAwMDAwMDAwMH0sInNjaGVtYV92ZXJzaW9uIjoiNiJ9",
          "dependencies": [
            "random_id.instance_id"
          ]
        }
      ]
    },
    {
      "mode": "managed",
      "type": "random_id",
      "name": "instance_id",
      "provider": "provider[\"registry.terraform.io/hashicorp/random\"]",
      "instances": [
        {
          "schema_version": 0,
          "attributes": {
            "b64": "ipEoZXAlzD0",
            "b64_std": "ipEoZXAlzD0=",
            "b64_url": "ipEoZXAlzD0",
            "byte_length": 8,
            "dec": "9984806264995433533",
            "hex": "8a9128657025cc3d",
            "id": "ipEoZXAlzD0",
            "keepers": null,
            "prefix": null
          },
          "private": "bnVsbA=="
        }
      ]
    }
  ]
}
